
Microsoft Visual Studio Solution File, Format Version 12.00
# Visual Studio 15
VisualStudioVersion = 15.0.27428.2037
MinimumVisualStudioVersion = 10.0.40219.1
Project("{FAE04EC0-301F-11D3-BF4B-00C04F79EFBC}") = "01.Stealer", "01.Stealer\01.Stealer.csproj", "{D6ADF17F-2E0F-4D69-ADE3-960F3AFBE14E}"
EndProject
Project("{FAE04EC0-301F-11D3-BF4B-00C04F79EFBC}") = "02.HighQualityMistakes", "02.HighQualityMistakes\02.HighQualityMistakes.csproj", "{4A0F57AF-B85C-49F8-BFBB-0A91F291CEE0}"
EndProject
Project("{FAE04EC0-301F-11D3-BF4B-00C04F79EFBC}") = "03.MissionPrivateImpossible", "03.MissionPrivateImpossible\03.MissionPrivateImpossible.csproj", "{7726EED0-69F7-40AB-B0A5-3CE0288C48CD}"
EndProject
Project("{FAE04EC0-301F-11D3-BF4B-00C04F79EFBC}") = "04.Collector", "04.Collector\04.Collector.csproj", "{379BC72A-537A-4298-9A28-FC818E6D8EC5}"
EndProject
Project("{FAE04EC0-301F-11D3-BF4B-00C04F79EFBC}") = "05.CreateAttribute", "05.CreateAttribute\05.CreateAttribute.csproj", "{C34CF3D2-324C-4083-A923-36BD40515824}"
EndProject
Global
	GlobalSection(SolutionConfigurationPlatforms) = preSolution
		Debug|Any CPU = Debug|Any CPU
		Release|Any CPU = Release|Any CPU
	EndGlobalSection
	GlobalSection(ProjectConfigurationPlatforms) = postSolution
		{D6ADF17F-2E0F-4D69-ADE3-960F3AFBE14E}.Debug|Any CPU.ActiveCfg = Debug|Any CPU
		{D6ADF17F-2E0F-4D69-ADE3-960F3AFBE14E}.Debug|Any CPU.Build.0 = Debug|Any CPU
		{D6ADF17F-2E0F-4D69-ADE3-960F3AFBE14E}.Release|Any CPU.ActiveCfg = Release|Any CPU
		{D6ADF17F-2E0F-4D69-ADE3-960F3AFBE14E}.Release|Any CPU.Build.0 = Release|Any CPU
		{4A0F57AF-B85C-49F8-BFBB-0A91F291CEE0}.Debug|Any CPU.ActiveCfg = Debug|Any CPU
		{4A0F57AF-B85C-49F8-BFBB-0A91F291CEE0}.Debug|Any CPU.Build.0 = Debug|Any CPU
		{4A0F57AF-B85C-49F8-BFBB-0A91F291CEE0}.Release|Any CPU.ActiveCfg = Release|Any CPU
		{4A0F57AF-B85C-49F8-BFBB-0A91F291CEE0}.Release|Any CPU.Build.0 = Release|Any CPU
		{7726EED0-69F7-40AB-B0A5-3CE0288C48CD}.Debug|Any CPU.ActiveCfg = Debug|Any CPU
		{7726EED0-69F7-40AB-B0A5-3CE0288C48CD}.Debug|Any CPU.Build.0 = Debug|Any CPU
		{7726EED0-69F7-40AB-B0A5-3CE0288C48CD}.Release|Any CPU.ActiveCfg = Release|Any CPU
		{7726EED0-69F7-40AB-B0A5-3CE0288C48CD}.Release|Any CPU.Build.0 = Release|Any CPU
		{379BC72A-537A-4298-9A28-FC818E6D8EC5}.Debug|Any CPU.ActiveCfg = Debug|Any CPU
		{379BC72A-537A-4298-9A28-FC818E6D8EC5}.Debug|Any CPU.Build.0 = Debug|Any CPU
		{379BC72A-537A-4298-9A28-FC818E6D8EC5}.Release|Any CPU.ActiveCfg = Release|Any CPU
		{379BC72A-537A-4298-9A28-FC818E6D8EC5}.Release|Any CPU.Build.0 = Release|Any CPU
		{C34CF3D2-324C-4083-A923-36BD40515824}.Debug|Any CPU.ActiveCfg = Debug|Any CPU
		{C34CF3D2-324C-4083-A923-36BD40515824}.Debug|Any CPU.Build.0 = Debug|Any CPU
		{C34CF3D2-324C-4083-A923-36BD40515824}.Release|Any CPU.ActiveCfg = Release|Any CPU
		{C34CF3D2-324C-4083-A923-36BD40515824}.Release|Any CPU.Build.0 = Release|Any CPU
	EndGlobalSection
	GlobalSection(SolutionProperties) = preSolution
		HideSolutionNode = FALSE
	EndGlobalSection
	GlobalSection(ExtensibilityGlobals) = postSolution
		SolutionGuid = {068A5EF6-CFE2-4E9F-8AA6-4390AAE7CE55}
	EndGlobalSection
EndGlobal
