
Microsoft Visual Studio Solution File, Format Version 12.00
# Visual Studio 15
VisualStudioVersion = 15.0.27428.2037
MinimumVisualStudioVersion = 10.0.40219.1
Project("{FAE04EC0-301F-11D3-BF4B-00C04F79EFBC}") = "Box", "01. Box\Box.csproj", "{94AA8239-B564-4A51-9AB7-6C1EFFE00694}"
EndProject
Project("{FAE04EC0-301F-11D3-BF4B-00C04F79EFBC}") = "ArrayCreator", "ArrayCreator\ArrayCreator.csproj", "{DC21B7DD-6375-488D-BA96-B060176871A4}"
EndProject
Project("{FAE04EC0-301F-11D3-BF4B-00C04F79EFBC}") = "GenericScale", "GenericScale\GenericScale.csproj", "{77B87F27-4AAB-4D6E-9A12-6FB22F2C4E7E}"
EndProject
Global
	GlobalSection(SolutionConfigurationPlatforms) = preSolution
		Debug|Any CPU = Debug|Any CPU
		Release|Any CPU = Release|Any CPU
	EndGlobalSection
	GlobalSection(ProjectConfigurationPlatforms) = postSolution
		{94AA8239-B564-4A51-9AB7-6C1EFFE00694}.Debug|Any CPU.ActiveCfg = Debug|Any CPU
		{94AA8239-B564-4A51-9AB7-6C1EFFE00694}.Debug|Any CPU.Build.0 = Debug|Any CPU
		{94AA8239-B564-4A51-9AB7-6C1EFFE00694}.Release|Any CPU.ActiveCfg = Release|Any CPU
		{94AA8239-B564-4A51-9AB7-6C1EFFE00694}.Release|Any CPU.Build.0 = Release|Any CPU
		{DC21B7DD-6375-488D-BA96-B060176871A4}.Debug|Any CPU.ActiveCfg = Debug|Any CPU
		{DC21B7DD-6375-488D-BA96-B060176871A4}.Debug|Any CPU.Build.0 = Debug|Any CPU
		{DC21B7DD-6375-488D-BA96-B060176871A4}.Release|Any CPU.ActiveCfg = Release|Any CPU
		{DC21B7DD-6375-488D-BA96-B060176871A4}.Release|Any CPU.Build.0 = Release|Any CPU
		{77B87F27-4AAB-4D6E-9A12-6FB22F2C4E7E}.Debug|Any CPU.ActiveCfg = Debug|Any CPU
		{77B87F27-4AAB-4D6E-9A12-6FB22F2C4E7E}.Debug|Any CPU.Build.0 = Debug|Any CPU
		{77B87F27-4AAB-4D6E-9A12-6FB22F2C4E7E}.Release|Any CPU.ActiveCfg = Release|Any CPU
		{77B87F27-4AAB-4D6E-9A12-6FB22F2C4E7E}.Release|Any CPU.Build.0 = Release|Any CPU
	EndGlobalSection
	GlobalSection(SolutionProperties) = preSolution
		HideSolutionNode = FALSE
	EndGlobalSection
	GlobalSection(ExtensibilityGlobals) = postSolution
		SolutionGuid = {3CBB3ABB-F91B-439D-A992-3C75E42D4B7D}
	EndGlobalSection
EndGlobal
